{
  "nodes": {
    "nixpkgs": {
      "locked": {
        "lastModified": 1722519197,
        "narHash": "sha256-VEdJmVU2eLFtLqCjTYJd1J7+Go8idAcZoT11IewFiRg=",
        "owner": "nixos",
        "repo": "nixpkgs",
        "rev": "05405724efa137a0b899cce5ab4dde463b4fd30b",
        "type": "github"
      },
      "original": {
        "owner": "nixos",
        "ref": "nixos-24.05",
        "repo": "nixpkgs",
        "type": "github"
      }
    },
    "root": {
      "inputs": {
        "nixpkgs": "nixpkgs",
        "zmk-nix": "zmk-nix"
      }
    },
    "zmk-nix": {
      "inputs": {
        "nixpkgs": [
          "nixpkgs"
        ]
      },
      "locked": {
        "lastModified": 1722731517,
        "narHash": "sha256-bXEw7umOVN/Lqny6EciwHEXFwmgWFCQLU8DJH/XaJac=",
        "owner": "lilyinstarlight",
        "repo": "zmk-nix",
        "rev": "2a6d424c92ba0eb3a2393f4c43acd6fe95e16d55",
        "type": "github"
      },
      "original": {
        "owner": "lilyinstarlight",
        "repo": "zmk-nix",
        "type": "github"
      }
    }
  },
  "root": "root",
  "version": 7
}
